
Microsoft Visual Studio Solution File, Format Version 12.00
# Visual Studio 15
VisualStudioVersion = 15.0.28010.2036
MinimumVisualStudioVersion = 10.0.40219.1
Project("{FAE04EC0-301F-11D3-BF4B-00C04F79EFBC}") = "SwapiTest", "SwapiTest\SwapiTest.csproj", "{FC29612A-9903-476B-8D6C-EFD558843DA6}"
EndProject
Global
	GlobalSection(SolutionConfigurationPlatforms) = preSolution
		Debug|Any CPU = Debug|Any CPU
		Release|Any CPU = Release|Any CPU
	EndGlobalSection
	GlobalSection(ProjectConfigurationPlatforms) = postSolution
		{FC29612A-9903-476B-8D6C-EFD558843DA6}.Debug|Any CPU.ActiveCfg = Debug|Any CPU
		{FC29612A-9903-476B-8D6C-EFD558843DA6}.Debug|Any CPU.Build.0 = Debug|Any CPU
		{FC29612A-9903-476B-8D6C-EFD558843DA6}.Release|Any CPU.ActiveCfg = Release|Any CPU
		{FC29612A-9903-476B-8D6C-EFD558843DA6}.Release|Any CPU.Build.0 = Release|Any CPU
	EndGlobalSection
	GlobalSection(SolutionProperties) = preSolution
		HideSolutionNode = FALSE
	EndGlobalSection
	GlobalSection(ExtensibilityGlobals) = postSolution
		SolutionGuid = {51311CEF-6E68-4716-9A96-F3E1B1078D7F}
	EndGlobalSection
EndGlobal
